
Microsoft Visual Studio Solution File, Format Version 12.00
# Visual Studio Express 2012 for Windows Desktop
Project("{FAE04EC0-301F-11D3-BF4B-00C04F79EFBC}") = "Pawel.Workshop", "Seller\Pawel.Workshop.csproj", "{A5E5A97D-D43B-432F-AC4B-917EE9FE50B6}"
EndProject
Project("{FAE04EC0-301F-11D3-BF4B-00C04F79EFBC}") = "Pawel.Workshop.Update", "Pawel.Workshop.Update\Pawel.Workshop.Update.csproj", "{934CC5BB-892B-4B80-A103-88487B6326FE}"
EndProject
Global
	GlobalSection(SolutionConfigurationPlatforms) = preSolution
		Debug|Any CPU = Debug|Any CPU
		Debug|Mixed Platforms = Debug|Mixed Platforms
		Debug|x86 = Debug|x86
		Release|Any CPU = Release|Any CPU
		Release|Mixed Platforms = Release|Mixed Platforms
		Release|x86 = Release|x86
	EndGlobalSection
	GlobalSection(ProjectConfigurationPlatforms) = postSolution
		{A5E5A97D-D43B-432F-AC4B-917EE9FE50B6}.Debug|Any CPU.ActiveCfg = Debug|Any CPU
		{A5E5A97D-D43B-432F-AC4B-917EE9FE50B6}.Debug|Any CPU.Build.0 = Debug|Any CPU
		{A5E5A97D-D43B-432F-AC4B-917EE9FE50B6}.Debug|Mixed Platforms.ActiveCfg = Debug|x86
		{A5E5A97D-D43B-432F-AC4B-917EE9FE50B6}.Debug|Mixed Platforms.Build.0 = Debug|x86
		{A5E5A97D-D43B-432F-AC4B-917EE9FE50B6}.Debug|x86.ActiveCfg = Debug|x86
		{A5E5A97D-D43B-432F-AC4B-917EE9FE50B6}.Debug|x86.Build.0 = Debug|x86
		{A5E5A97D-D43B-432F-AC4B-917EE9FE50B6}.Release|Any CPU.ActiveCfg = Release|Any CPU
		{A5E5A97D-D43B-432F-AC4B-917EE9FE50B6}.Release|Any CPU.Build.0 = Release|Any CPU
		{A5E5A97D-D43B-432F-AC4B-917EE9FE50B6}.Release|Mixed Platforms.ActiveCfg = Release|x86
		{A5E5A97D-D43B-432F-AC4B-917EE9FE50B6}.Release|Mixed Platforms.Build.0 = Release|x86
		{A5E5A97D-D43B-432F-AC4B-917EE9FE50B6}.Release|x86.ActiveCfg = Release|x86
		{A5E5A97D-D43B-432F-AC4B-917EE9FE50B6}.Release|x86.Build.0 = Release|x86
		{934CC5BB-892B-4B80-A103-88487B6326FE}.Debug|Any CPU.ActiveCfg = Debug|Any CPU
		{934CC5BB-892B-4B80-A103-88487B6326FE}.Debug|Any CPU.Build.0 = Debug|Any CPU
		{934CC5BB-892B-4B80-A103-88487B6326FE}.Debug|Mixed Platforms.ActiveCfg = Debug|Any CPU
		{934CC5BB-892B-4B80-A103-88487B6326FE}.Debug|Mixed Platforms.Build.0 = Debug|Any CPU
		{934CC5BB-892B-4B80-A103-88487B6326FE}.Debug|x86.ActiveCfg = Debug|Any CPU
		{934CC5BB-892B-4B80-A103-88487B6326FE}.Release|Any CPU.ActiveCfg = Release|Any CPU
		{934CC5BB-892B-4B80-A103-88487B6326FE}.Release|Any CPU.Build.0 = Release|Any CPU
		{934CC5BB-892B-4B80-A103-88487B6326FE}.Release|Mixed Platforms.ActiveCfg = Release|Any CPU
		{934CC5BB-892B-4B80-A103-88487B6326FE}.Release|Mixed Platforms.Build.0 = Release|Any CPU
		{934CC5BB-892B-4B80-A103-88487B6326FE}.Release|x86.ActiveCfg = Release|Any CPU
	EndGlobalSection
	GlobalSection(SolutionProperties) = preSolution
		HideSolutionNode = FALSE
	EndGlobalSection
EndGlobal
